
Microsoft Visual Studio Solution File, Format Version 12.00
# Visual Studio Version 17
VisualStudioVersion = 17.7.34031.279
MinimumVisualStudioVersion = 10.0.40219.1
Project("{9A19103F-16F7-4668-BE54-9A1E7A4F7556}") = "TourAPI", "TourAPI\TourAPI.csproj", "{17D819D8-0446-4DC1-B862-F21A714A813A}"
EndProject
Project("{9A19103F-16F7-4668-BE54-9A1E7A4F7556}") = "TourAPI.Test", "TourAPI.Test\TourAPI.Test.csproj", "{07BD3D58-5C0D-48B6-B528-D00492FA5A7D}"
EndProject
Project("{FAE04EC0-301F-11D3-BF4B-00C04F79EFBC}") = "TourAPI.BenchMark", "TourAPI.BenchMark\TourAPI.BenchMark.csproj", "{8C11D98E-0293-428D-8EC9-C0857B420CB1}"
EndProject
Global
	GlobalSection(SolutionConfigurationPlatforms) = preSolution
		Debug|Any CPU = Debug|Any CPU
		Release|Any CPU = Release|Any CPU
	EndGlobalSection
	GlobalSection(ProjectConfigurationPlatforms) = postSolution
		{17D819D8-0446-4DC1-B862-F21A714A813A}.Debug|Any CPU.ActiveCfg = Debug|Any CPU
		{17D819D8-0446-4DC1-B862-F21A714A813A}.Debug|Any CPU.Build.0 = Debug|Any CPU
		{17D819D8-0446-4DC1-B862-F21A714A813A}.Release|Any CPU.ActiveCfg = Release|Any CPU
		{17D819D8-0446-4DC1-B862-F21A714A813A}.Release|Any CPU.Build.0 = Release|Any CPU
		{07BD3D58-5C0D-48B6-B528-D00492FA5A7D}.Debug|Any CPU.ActiveCfg = Debug|Any CPU
		{07BD3D58-5C0D-48B6-B528-D00492FA5A7D}.Debug|Any CPU.Build.0 = Debug|Any CPU
		{07BD3D58-5C0D-48B6-B528-D00492FA5A7D}.Release|Any CPU.ActiveCfg = Release|Any CPU
		{07BD3D58-5C0D-48B6-B528-D00492FA5A7D}.Release|Any CPU.Build.0 = Release|Any CPU
		{8C11D98E-0293-428D-8EC9-C0857B420CB1}.Debug|Any CPU.ActiveCfg = Debug|Any CPU
		{8C11D98E-0293-428D-8EC9-C0857B420CB1}.Debug|Any CPU.Build.0 = Debug|Any CPU
		{8C11D98E-0293-428D-8EC9-C0857B420CB1}.Release|Any CPU.ActiveCfg = Release|Any CPU
		{8C11D98E-0293-428D-8EC9-C0857B420CB1}.Release|Any CPU.Build.0 = Release|Any CPU
	EndGlobalSection
	GlobalSection(SolutionProperties) = preSolution
		HideSolutionNode = FALSE
	EndGlobalSection
	GlobalSection(ExtensibilityGlobals) = postSolution
		SolutionGuid = {AC87081D-A26D-47D5-A322-7D832AA34629}
	EndGlobalSection
EndGlobal
